
Microsoft Visual Studio Solution File, Format Version 12.00
# Visual Studio 15
VisualStudioVersion = 15.0.27130.2003
MinimumVisualStudioVersion = 10.0.40219.1
Project("{FAE04EC0-301F-11D3-BF4B-00C04F79EFBC}") = "VerifId", "VerifId\VerifId.csproj", "{D7DF24BF-689C-4B35-B939-97B08BA6BE9E}"
EndProject
Global
	GlobalSection(SolutionConfigurationPlatforms) = preSolution
		Debug|ARM = Debug|ARM
		Debug|x64 = Debug|x64
		Debug|x86 = Debug|x86
		Release|ARM = Release|ARM
		Release|x64 = Release|x64
		Release|x86 = Release|x86
	EndGlobalSection
	GlobalSection(ProjectConfigurationPlatforms) = postSolution
		{D7DF24BF-689C-4B35-B939-97B08BA6BE9E}.Debug|ARM.ActiveCfg = Debug|ARM
		{D7DF24BF-689C-4B35-B939-97B08BA6BE9E}.Debug|ARM.Build.0 = Debug|ARM
		{D7DF24BF-689C-4B35-B939-97B08BA6BE9E}.Debug|ARM.Deploy.0 = Debug|ARM
		{D7DF24BF-689C-4B35-B939-97B08BA6BE9E}.Debug|x64.ActiveCfg = Debug|x64
		{D7DF24BF-689C-4B35-B939-97B08BA6BE9E}.Debug|x64.Build.0 = Debug|x64
		{D7DF24BF-689C-4B35-B939-97B08BA6BE9E}.Debug|x64.Deploy.0 = Debug|x64
		{D7DF24BF-689C-4B35-B939-97B08BA6BE9E}.Debug|x86.ActiveCfg = Debug|x86
		{D7DF24BF-689C-4B35-B939-97B08BA6BE9E}.Debug|x86.Build.0 = Debug|x86
		{D7DF24BF-689C-4B35-B939-97B08BA6BE9E}.Debug|x86.Deploy.0 = Debug|x86
		{D7DF24BF-689C-4B35-B939-97B08BA6BE9E}.Release|ARM.ActiveCfg = Release|ARM
		{D7DF24BF-689C-4B35-B939-97B08BA6BE9E}.Release|ARM.Build.0 = Release|ARM
		{D7DF24BF-689C-4B35-B939-97B08BA6BE9E}.Release|ARM.Deploy.0 = Release|ARM
		{D7DF24BF-689C-4B35-B939-97B08BA6BE9E}.Release|x64.ActiveCfg = Release|x64
		{D7DF24BF-689C-4B35-B939-97B08BA6BE9E}.Release|x64.Build.0 = Release|x64
		{D7DF24BF-689C-4B35-B939-97B08BA6BE9E}.Release|x64.Deploy.0 = Release|x64
		{D7DF24BF-689C-4B35-B939-97B08BA6BE9E}.Release|x86.ActiveCfg = Release|x86
		{D7DF24BF-689C-4B35-B939-97B08BA6BE9E}.Release|x86.Build.0 = Release|x86
		{D7DF24BF-689C-4B35-B939-97B08BA6BE9E}.Release|x86.Deploy.0 = Release|x86
	EndGlobalSection
	GlobalSection(SolutionProperties) = preSolution
		HideSolutionNode = FALSE
	EndGlobalSection
	GlobalSection(ExtensibilityGlobals) = postSolution
		SolutionGuid = {018E579C-3C78-4970-A667-0E1D4ADB4E65}
	EndGlobalSection
EndGlobal
